// !$*UTF8*$!
{
	archiveVersion = 1;
	classes = {
	};
	objectVersion = 56;
	objects = {

/* Begin PBXBuildFile section */
		F23814042B28761700EB4DF4 /* AppDelegate.swift in Sources */ = {isa = PBXBuildFile; fileRef = F23814032B28761700EB4DF4 /* AppDelegate.swift */; };
		F238140D2B28761900EB4DF4 /* Assets.xcassets in Resources */ = {isa = PBXBuildFile; fileRef = F238140C2B28761900EB4DF4 /* Assets.xcassets */; };
		F23814102B28761900EB4DF4 /* LaunchScreen.storyboard in Resources */ = {isa = PBXBuildFile; fileRef = F238140E2B28761900EB4DF4 /* LaunchScreen.storyboard */; };
		F23814192B28770300EB4DF4 /* StartService.swift in Sources */ = {isa = PBXBuildFile; fileRef = F23814182B28770300EB4DF4 /* StartService.swift */; };
		F238141D2B2877D600EB4DF4 /* MainScreenView.swift in Sources */ = {isa = PBXBuildFile; fileRef = F238141C2B2877D600EB4DF4 /* MainScreenView.swift */; };
		F238141F2B2877E100EB4DF4 /* MainScreenViewController.swift in Sources */ = {isa = PBXBuildFile; fileRef = F238141E2B2877E100EB4DF4 /* MainScreenViewController.swift */; };
		F23814212B2877E900EB4DF4 /* MainScreenDelegate.swift in Sources */ = {isa = PBXBuildFile; fileRef = F23814202B2877E900EB4DF4 /* MainScreenDelegate.swift */; };
		F23814292B2878E200EB4DF4 /* SnapKit in Frameworks */ = {isa = PBXBuildFile; productRef = F23814282B2878E200EB4DF4 /* SnapKit */; };
		F238142B2B2878E200EB4DF4 /* SnapKit-Dynamic in Frameworks */ = {isa = PBXBuildFile; productRef = F238142A2B2878E200EB4DF4 /* SnapKit-Dynamic */; };
		F238142E2B2883FC00EB4DF4 /* SF Pro Display Regular.ttf in Resources */ = {isa = PBXBuildFile; fileRef = F238142D2B2883FC00EB4DF4 /* SF Pro Display Regular.ttf */; };
		F23814302B28840800EB4DF4 /* SF-Pro-Display-Semibold.ttf in Resources */ = {isa = PBXBuildFile; fileRef = F238142F2B28840800EB4DF4 /* SF-Pro-Display-Semibold.ttf */; };
		F23814322B28841000EB4DF4 /* FontsFree-Net-SFProDisplay-Medium.ttf in Resources */ = {isa = PBXBuildFile; fileRef = F23814312B28841000EB4DF4 /* FontsFree-Net-SFProDisplay-Medium.ttf */; };
		F23814362B28ACBD00EB4DF4 /* PromoSectionsCollectionViewCell.swift in Sources */ = {isa = PBXBuildFile; fileRef = F23814352B28ACBD00EB4DF4 /* PromoSectionsCollectionViewCell.swift */; };
		F23814392B28ACE000EB4DF4 /* View.swift in Sources */ = {isa = PBXBuildFile; fileRef = F23814382B28ACE000EB4DF4 /* View.swift */; };
		F238143B2B28ACFD00EB4DF4 /* CollectionView.swift in Sources */ = {isa = PBXBuildFile; fileRef = F238143A2B28ACFD00EB4DF4 /* CollectionView.swift */; };
/* End PBXBuildFile section */

/* Begin PBXFileReference section */
		F23814002B28761700EB4DF4 /* TestApp.app */ = {isa = PBXFileReference; explicitFileType = wrapper.application; includeInIndex = 0; path = TestApp.app; sourceTree = BUILT_PRODUCTS_DIR; };
		F23814032B28761700EB4DF4 /* AppDelegate.swift */ = {isa = PBXFileReference; lastKnownFileType = sourcecode.swift; path = AppDelegate.swift; sourceTree = "<group>"; };
		F238140C2B28761900EB4DF4 /* Assets.xcassets */ = {isa = PBXFileReference; lastKnownFileType = folder.assetcatalog; path = Assets.xcassets; sourceTree = "<group>"; };
		F238140F2B28761900EB4DF4 /* Base */ = {isa = PBXFileReference; lastKnownFileType = file.storyboard; name = Base; path = Base.lproj/LaunchScreen.storyboard; sourceTree = "<group>"; };
		F23814112B28761900EB4DF4 /* Info.plist */ = {isa = PBXFileReference; lastKnownFileType = text.plist.xml; path = Info.plist; sourceTree = "<group>"; };
		F23814182B28770300EB4DF4 /* StartService.swift */ = {isa = PBXFileReference; lastKnownFileType = sourcecode.swift; path = StartService.swift; sourceTree = "<group>"; };
		F238141C2B2877D600EB4DF4 /* MainScreenView.swift */ = {isa = PBXFileReference; lastKnownFileType = sourcecode.swift; path = MainScreenView.swift; sourceTree = "<group>"; };
		F238141E2B2877E100EB4DF4 /* MainScreenViewController.swift */ = {isa = PBXFileReference; lastKnownFileType = sourcecode.swift; path = MainScreenViewController.swift; sourceTree = "<group>"; };
		F23814202B2877E900EB4DF4 /* MainScreenDelegate.swift */ = {isa = PBXFileReference; lastKnownFileType = sourcecode.swift; path = MainScreenDelegate.swift; sourceTree = "<group>"; };
		F238142D2B2883FC00EB4DF4 /* SF Pro Display Regular.ttf */ = {isa = PBXFileReference; lastKnownFileType = file; path = "SF Pro Display Regular.ttf"; sourceTree = "<group>"; };
		F238142F2B28840800EB4DF4 /* SF-Pro-Display-Semibold.ttf */ = {isa = PBXFileReference; lastKnownFileType = file; path = "SF-Pro-Display-Semibold.ttf"; sourceTree = "<group>"; };
		F23814312B28841000EB4DF4 /* FontsFree-Net-SFProDisplay-Medium.ttf */ = {isa = PBXFileReference; lastKnownFileType = file; path = "FontsFree-Net-SFProDisplay-Medium.ttf"; sourceTree = "<group>"; };
		F23814352B28ACBD00EB4DF4 /* PromoSectionsCollectionViewCell.swift */ = {isa = PBXFileReference; lastKnownFileType = sourcecode.swift; path = PromoSectionsCollectionViewCell.swift; sourceTree = "<group>"; };
		F23814382B28ACE000EB4DF4 /* View.swift */ = {isa = PBXFileReference; lastKnownFileType = sourcecode.swift; path = View.swift; sourceTree = "<group>"; };
		F238143A2B28ACFD00EB4DF4 /* CollectionView.swift */ = {isa = PBXFileReference; lastKnownFileType = sourcecode.swift; path = CollectionView.swift; sourceTree = "<group>"; };
/* End PBXFileReference section */

/* Begin PBXFrameworksBuildPhase section */
		F23813FD2B28761700EB4DF4 /* Frameworks */ = {
			isa = PBXFrameworksBuildPhase;
			buildActionMask = 2147483647;
			files = (
				F23814292B2878E200EB4DF4 /* SnapKit in Frameworks */,
				F238142B2B2878E200EB4DF4 /* SnapKit-Dynamic in Frameworks */,
			);
			runOnlyForDeploymentPostprocessing = 0;
		};
/* End PBXFrameworksBuildPhase section */

/* Begin PBXGroup section */
		F23813F72B28761700EB4DF4 = {
			isa = PBXGroup;
			children = (
				F23814022B28761700EB4DF4 /* TestApp */,
				F23814012B28761700EB4DF4 /* Products */,
			);
			sourceTree = "<group>";
		};
		F23814012B28761700EB4DF4 /* Products */ = {
			isa = PBXGroup;
			children = (
				F23814002B28761700EB4DF4 /* TestApp.app */,
			);
			name = Products;
			sourceTree = "<group>";
		};
		F23814022B28761700EB4DF4 /* TestApp */ = {
			isa = PBXGroup;
			children = (
				F23814372B28ACC500EB4DF4 /* Extensions */,
				F238142C2B28795900EB4DF4 /* Fonts */,
				F238141A2B28773F00EB4DF4 /* Modules */,
				F23814172B2876E300EB4DF4 /* Services */,
				F23814032B28761700EB4DF4 /* AppDelegate.swift */,
				F238140C2B28761900EB4DF4 /* Assets.xcassets */,
				F238140E2B28761900EB4DF4 /* LaunchScreen.storyboard */,
				F23814112B28761900EB4DF4 /* Info.plist */,
			);
			path = TestApp;
			sourceTree = "<group>";
		};
		F23814172B2876E300EB4DF4 /* Services */ = {
			isa = PBXGroup;
			children = (
				F23814182B28770300EB4DF4 /* StartService.swift */,
			);
			path = Services;
			sourceTree = "<group>";
		};
		F238141A2B28773F00EB4DF4 /* Modules */ = {
			isa = PBXGroup;
			children = (
				F238141B2B2877C900EB4DF4 /* MainScreen */,
			);
			path = Modules;
			sourceTree = "<group>";
		};
		F238141B2B2877C900EB4DF4 /* MainScreen */ = {
			isa = PBXGroup;
			children = (
				F23814332B28ACA100EB4DF4 /* Cell */,
				F238141C2B2877D600EB4DF4 /* MainScreenView.swift */,
				F238141E2B2877E100EB4DF4 /* MainScreenViewController.swift */,
				F23814202B2877E900EB4DF4 /* MainScreenDelegate.swift */,
			);
			path = MainScreen;
			sourceTree = "<group>";
		};
		F238142C2B28795900EB4DF4 /* Fonts */ = {
			isa = PBXGroup;
			children = (
				F238142F2B28840800EB4DF4 /* SF-Pro-Display-Semibold.ttf */,
				F238142D2B2883FC00EB4DF4 /* SF Pro Display Regular.ttf */,
				F23814312B28841000EB4DF4 /* FontsFree-Net-SFProDisplay-Medium.ttf */,
			);
			path = Fonts;
			sourceTree = "<group>";
		};
		F23814332B28ACA100EB4DF4 /* Cell */ = {
			isa = PBXGroup;
			children = (
				F23814342B28ACA800EB4DF4 /* Collection */,
			);
			path = Cell;
			sourceTree = "<group>";
		};
		F23814342B28ACA800EB4DF4 /* Collection */ = {
			isa = PBXGroup;
			children = (
				F23814352B28ACBD00EB4DF4 /* PromoSectionsCollectionViewCell.swift */,
			);
			path = Collection;
			sourceTree = "<group>";
		};
		F23814372B28ACC500EB4DF4 /* Extensions */ = {
			isa = PBXGroup;
			children = (
				F23814382B28ACE000EB4DF4 /* View.swift */,
				F238143A2B28ACFD00EB4DF4 /* CollectionView.swift */,
			);
			path = Extensions;
			sourceTree = "<group>";
		};
/* End PBXGroup section */

/* Begin PBXNativeTarget section */
		F23813FF2B28761700EB4DF4 /* TestApp */ = {
			isa = PBXNativeTarget;
			buildConfigurationList = F23814142B28761900EB4DF4 /* Build configuration list for PBXNativeTarget "TestApp" */;
			buildPhases = (
				F23813FC2B28761700EB4DF4 /* Sources */,
				F23813FD2B28761700EB4DF4 /* Frameworks */,
				F23813FE2B28761700EB4DF4 /* Resources */,
			);
			buildRules = (
			);
			dependencies = (
			);
			name = TestApp;
			packageProductDependencies = (
				F23814282B2878E200EB4DF4 /* SnapKit */,
				F238142A2B2878E200EB4DF4 /* SnapKit-Dynamic */,
			);
			productName = TestApp;
			productReference = F23814002B28761700EB4DF4 /* TestApp.app */;
			productType = "com.apple.product-type.application";
		};
/* End PBXNativeTarget section */

/* Begin PBXProject section */
		F23813F82B28761700EB4DF4 /* Project object */ = {
			isa = PBXProject;
			attributes = {
				BuildIndependentTargetsInParallel = 1;
				LastSwiftUpdateCheck = 1500;
				LastUpgradeCheck = 1500;
				TargetAttributes = {
					F23813FF2B28761700EB4DF4 = {
						CreatedOnToolsVersion = 15.0;
					};
				};
			};
			buildConfigurationList = F23813FB2B28761700EB4DF4 /* Build configuration list for PBXProject "TestApp" */;
			compatibilityVersion = "Xcode 14.0";
			developmentRegion = en;
			hasScannedForEncodings = 0;
			knownRegions = (
				en,
				Base,
			);
			mainGroup = F23813F72B28761700EB4DF4;
			packageReferences = (
				F23814272B2878E200EB4DF4 /* XCRemoteSwiftPackageReference "SnapKit" */,
			);
			productRefGroup = F23814012B28761700EB4DF4 /* Products */;
			projectDirPath = "";
			projectRoot = "";
			targets = (
				F23813FF2B28761700EB4DF4 /* TestApp */,
			);
		};
/* End PBXProject section */

/* Begin PBXResourcesBuildPhase section */
		F23813FE2B28761700EB4DF4 /* Resources */ = {
			isa = PBXResourcesBuildPhase;
			buildActionMask = 2147483647;
			files = (
				F23814102B28761900EB4DF4 /* LaunchScreen.storyboard in Resources */,
				F23814302B28840800EB4DF4 /* SF-Pro-Display-Semibold.ttf in Resources */,
				F23814322B28841000EB4DF4 /* FontsFree-Net-SFProDisplay-Medium.ttf in Resources */,
				F238142E2B2883FC00EB4DF4 /* SF Pro Display Regular.ttf in Resources */,
				F238140D2B28761900EB4DF4 /* Assets.xcassets in Resources */,
			);
			runOnlyForDeploymentPostprocessing = 0;
		};
/* End PBXResourcesBuildPhase section */

/* Begin PBXSourcesBuildPhase section */
		F23813FC2B28761700EB4DF4 /* Sources */ = {
			isa = PBXSourcesBuildPhase;
			buildActionMask = 2147483647;
			files = (
				F238141F2B2877E100EB4DF4 /* MainScreenViewController.swift in Sources */,
				F23814212B2877E900EB4DF4 /* MainScreenDelegate.swift in Sources */,
				F23814192B28770300EB4DF4 /* StartService.swift in Sources */,
				F23814042B28761700EB4DF4 /* AppDelegate.swift in Sources */,
				F23814362B28ACBD00EB4DF4 /* PromoSectionsCollectionViewCell.swift in Sources */,
				F23814392B28ACE000EB4DF4 /* View.swift in Sources */,
				F238143B2B28ACFD00EB4DF4 /* CollectionView.swift in Sources */,
				F238141D2B2877D600EB4DF4 /* MainScreenView.swift in Sources */,
			);
			runOnlyForDeploymentPostprocessing = 0;
		};
/* End PBXSourcesBuildPhase section */

/* Begin PBXVariantGroup section */
		F238140E2B28761900EB4DF4 /* LaunchScreen.storyboard */ = {
			isa = PBXVariantGroup;
			children = (
				F238140F2B28761900EB4DF4 /* Base */,
			);
			name = LaunchScreen.storyboard;
			sourceTree = "<group>";
		};
/* End PBXVariantGroup section */

/* Begin XCBuildConfiguration section */
		F23814122B28761900EB4DF4 /* Debug */ = {
			isa = XCBuildConfiguration;
			buildSettings = {
				ALWAYS_SEARCH_USER_PATHS = NO;
				ASSETCATALOG_COMPILER_GENERATE_SWIFT_ASSET_SYMBOL_EXTENSIONS = YES;
				CLANG_ANALYZER_NONNULL = YES;
				CLANG_ANALYZER_NUMBER_OBJECT_CONVERSION = YES_AGGRESSIVE;
				CLANG_CXX_LANGUAGE_STANDARD = "gnu++20";
				CLANG_ENABLE_MODULES = YES;
				CLANG_ENABLE_OBJC_ARC = YES;
				CLANG_ENABLE_OBJC_WEAK = YES;
				CLANG_WARN_BLOCK_CAPTURE_AUTORELEASING = YES;
				CLANG_WARN_BOOL_CONVERSION = YES;
				CLANG_WARN_COMMA = YES;
				CLANG_WARN_CONSTANT_CONVERSION = YES;
				CLANG_WARN_DEPRECATED_OBJC_IMPLEMENTATIONS = YES;
				CLANG_WARN_DIRECT_OBJC_ISA_USAGE = YES_ERROR;
				CLANG_WARN_DOCUMENTATION_COMMENTS = YES;
				CLANG_WARN_EMPTY_BODY = YES;
				CLANG_WARN_ENUM_CONVERSION = YES;
				CLANG_WARN_INFINITE_RECURSION = YES;
				CLANG_WARN_INT_CONVERSION = YES;
				CLANG_WARN_NON_LITERAL_NULL_CONVERSION = YES;
				CLANG_WARN_OBJC_IMPLICIT_RETAIN_SELF = YES;
				CLANG_WARN_OBJC_LITERAL_CONVERSION = YES;
				CLANG_WARN_OBJC_ROOT_CLASS = YES_ERROR;
				CLANG_WARN_QUOTED_INCLUDE_IN_FRAMEWORK_HEADER = YES;
				CLANG_WARN_RANGE_LOOP_ANALYSIS = YES;
				CLANG_WARN_STRICT_PROTOTYPES = YES;
				CLANG_WARN_SUSPICIOUS_MOVE = YES;
				CLANG_WARN_UNGUARDED_AVAILABILITY = YES_AGGRESSIVE;
				CLANG_WARN_UNREACHABLE_CODE = YES;
				CLANG_WARN__DUPLICATE_METHOD_MATCH = YES;
				COPY_PHASE_STRIP = NO;
				DEBUG_INFORMATION_FORMAT = dwarf;
				ENABLE_STRICT_OBJC_MSGSEND = YES;
				ENABLE_TESTABILITY = YES;
				ENABLE_USER_SCRIPT_SANDBOXING = YES;
				GCC_C_LANGUAGE_STANDARD = gnu17;
				GCC_DYNAMIC_NO_PIC = NO;
				GCC_NO_COMMON_BLOCKS = YES;
				GCC_OPTIMIZATION_LEVEL = 0;
				GCC_PREPROCESSOR_DEFINITIONS = (
					"DEBUG=1",
					"$(inherited)",
				);
				GCC_WARN_64_TO_32_BIT_CONVERSION = YES;
				GCC_WARN_ABOUT_RETURN_TYPE = YES_ERROR;
				GCC_WARN_UNDECLARED_SELECTOR = YES;
				GCC_WARN_UNINITIALIZED_AUTOS = YES_AGGRESSIVE;
				GCC_WARN_UNUSED_FUNCTION = YES;
				GCC_WARN_UNUSED_VARIABLE = YES;
				IPHONEOS_DEPLOYMENT_TARGET = 17.0;
				LOCALIZATION_PREFERS_STRING_CATALOGS = YES;
				MTL_ENABLE_DEBUG_INFO = INCLUDE_SOURCE;
				MTL_FAST_MATH = YES;
				ONLY_ACTIVE_ARCH = YES;
				SDKROOT = iphoneos;
				SWIFT_ACTIVE_COMPILATION_CONDITIONS = "DEBUG $(inherited)";
				SWIFT_OPTIMIZATION_LEVEL = "-Onone";
			};
			name = Debug;
		};
		F23814132B28761900EB4DF4 /* Release */ = {
			isa = XCBuildConfiguration;
			buildSettings = {
				ALWAYS_SEARCH_USER_PATHS = NO;
				ASSETCATALOG_COMPILER_GENERATE_SWIFT_ASSET_SYMBOL_EXTENSIONS = YES;
				CLANG_ANALYZER_NONNULL = YES;
				CLANG_ANALYZER_NUMBER_OBJECT_CONVERSION = YES_AGGRESSIVE;
				CLANG_CXX_LANGUAGE_STANDARD = "gnu++20";
				CLANG_ENABLE_MODULES = YES;
				CLANG_ENABLE_OBJC_ARC = YES;
				CLANG_ENABLE_OBJC_WEAK = YES;
				CLANG_WARN_BLOCK_CAPTURE_AUTORELEASING = YES;
				CLANG_WARN_BOOL_CONVERSION = YES;
				CLANG_WARN_COMMA = YES;
				CLANG_WARN_CONSTANT_CONVERSION = YES;
				CLANG_WARN_DEPRECATED_OBJC_IMPLEMENTATIONS = YES;
				CLANG_WARN_DIRECT_OBJC_ISA_USAGE = YES_ERROR;
				CLANG_WARN_DOCUMENTATION_COMMENTS = YES;
				CLANG_WARN_EMPTY_BODY = YES;
				CLANG_WARN_ENUM_CONVERSION = YES;
				CLANG_WARN_INFINITE_RECURSION = YES;
				CLANG_WARN_INT_CONVERSION = YES;
				CLANG_WARN_NON_LITERAL_NULL_CONVERSION = YES;
				CLANG_WARN_OBJC_IMPLICIT_RETAIN_SELF = YES;
				CLANG_WARN_OBJC_LITERAL_CONVERSION = YES;
				CLANG_WARN_OBJC_ROOT_CLASS = YES_ERROR;
				CLANG_WARN_QUOTED_INCLUDE_IN_FRAMEWORK_HEADER = YES;
				CLANG_WARN_RANGE_LOOP_ANALYSIS = YES;
				CLANG_WARN_STRICT_PROTOTYPES = YES;
				CLANG_WARN_SUSPICIOUS_MOVE = YES;
				CLANG_WARN_UNGUARDED_AVAILABILITY = YES_AGGRESSIVE;
				CLANG_WARN_UNREACHABLE_CODE = YES;
				CLANG_WARN__DUPLICATE_METHOD_MATCH = YES;
				COPY_PHASE_STRIP = NO;
				DEBUG_INFORMATION_FORMAT = "dwarf-with-dsym";
				ENABLE_NS_ASSERTIONS = NO;
				ENABLE_STRICT_OBJC_MSGSEND = YES;
				ENABLE_USER_SCRIPT_SANDBOXING = YES;
				GCC_C_LANGUAGE_STANDARD = gnu17;
				GCC_NO_COMMON_BLOCKS = YES;
				GCC_WARN_64_TO_32_BIT_CONVERSION = YES;
				GCC_WARN_ABOUT_RETURN_TYPE = YES_ERROR;
				GCC_WARN_UNDECLARED_SELECTOR = YES;
				GCC_WARN_UNINITIALIZED_AUTOS = YES_AGGRESSIVE;
				GCC_WARN_UNUSED_FUNCTION = YES;
				GCC_WARN_UNUSED_VARIABLE = YES;
				IPHONEOS_DEPLOYMENT_TARGET = 17.0;
				LOCALIZATION_PREFERS_STRING_CATALOGS = YES;
				MTL_ENABLE_DEBUG_INFO = NO;
				MTL_FAST_MATH = YES;
				SDKROOT = iphoneos;
				SWIFT_COMPILATION_MODE = wholemodule;
				VALIDATE_PRODUCT = YES;
			};
			name = Release;
		};
		F23814152B28761900EB4DF4 /* Debug */ = {
			isa = XCBuildConfiguration;
			buildSettings = {
				ASSETCATALOG_COMPILER_APPICON_NAME = AppIcon;
				ASSETCATALOG_COMPILER_GLOBAL_ACCENT_COLOR_NAME = AccentColor;
				CODE_SIGN_STYLE = Automatic;
				CURRENT_PROJECT_VERSION = 1;
				DEVELOPMENT_TEAM = 9MHYTDB9DP;
				GENERATE_INFOPLIST_FILE = YES;
				INFOPLIST_FILE = TestApp/Info.plist;
				INFOPLIST_KEY_UIApplicationSupportsIndirectInputEvents = YES;
				INFOPLIST_KEY_UILaunchStoryboardName = LaunchScreen;
				INFOPLIST_KEY_UISupportedInterfaceOrientations = UIInterfaceOrientationPortrait;
				IPHONEOS_DEPLOYMENT_TARGET = 14.0;
				LD_RUNPATH_SEARCH_PATHS = (
					"$(inherited)",
					"@executable_path/Frameworks",
				);
				MARKETING_VERSION = 1.0;
				PRODUCT_BUNDLE_IDENTIFIER = evoroncova.TestApp;
				PRODUCT_NAME = "$(TARGET_NAME)";
				SUPPORTED_PLATFORMS = "iphoneos iphonesimulator";
				SUPPORTS_MACCATALYST = NO;
				SUPPORTS_MAC_DESIGNED_FOR_IPHONE_IPAD = NO;
				SWIFT_EMIT_LOC_STRINGS = YES;
				SWIFT_VERSION = 5.0;
				TARGETED_DEVICE_FAMILY = 1;
			};
			name = Debug;
		};
		F23814162B28761900EB4DF4 /* Release */ = {
			isa = XCBuildConfiguration;
			buildSettings = {
				ASSETCATALOG_COMPILER_APPICON_NAME = AppIcon;
				ASSETCATALOG_COMPILER_GLOBAL_ACCENT_COLOR_NAME = AccentColor;
				CODE_SIGN_STYLE = Automatic;
				CURRENT_PROJECT_VERSION = 1;
				DEVELOPMENT_TEAM = 9MHYTDB9DP;
				GENERATE_INFOPLIST_FILE = YES;
				INFOPLIST_FILE = TestApp/Info.plist;
				INFOPLIST_KEY_UIApplicationSupportsIndirectInputEvents = YES;
				INFOPLIST_KEY_UILaunchStoryboardName = LaunchScreen;
				INFOPLIST_KEY_UISupportedInterfaceOrientations = UIInterfaceOrientationPortrait;
				IPHONEOS_DEPLOYMENT_TARGET = 14.0;
				LD_RUNPATH_SEARCH_PATHS = (
					"$(inherited)",
					"@executable_path/Frameworks",
				);
				MARKETING_VERSION = 1.0;
				PRODUCT_BUNDLE_IDENTIFIER = evoroncova.TestApp;
				PRODUCT_NAME = "$(TARGET_NAME)";
				SUPPORTED_PLATFORMS = "iphoneos iphonesimulator";
				SUPPORTS_MACCATALYST = NO;
				SUPPORTS_MAC_DESIGNED_FOR_IPHONE_IPAD = NO;
				SWIFT_EMIT_LOC_STRINGS = YES;
				SWIFT_VERSION = 5.0;
				TARGETED_DEVICE_FAMILY = 1;
			};
			name = Release;
		};
/* End XCBuildConfiguration section */

/* Begin XCConfigurationList section */
		F23813FB2B28761700EB4DF4 /* Build configuration list for PBXProject "TestApp" */ = {
			isa = XCConfigurationList;
			buildConfigurations = (
				F23814122B28761900EB4DF4 /* Debug */,
				F23814132B28761900EB4DF4 /* Release */,
			);
			defaultConfigurationIsVisible = 0;
			defaultConfigurationName = Release;
		};
		F23814142B28761900EB4DF4 /* Build configuration list for PBXNativeTarget "TestApp" */ = {
			isa = XCConfigurationList;
			buildConfigurations = (
				F23814152B28761900EB4DF4 /* Debug */,
				F23814162B28761900EB4DF4 /* Release */,
			);
			defaultConfigurationIsVisible = 0;
			defaultConfigurationName = Release;
		};
/* End XCConfigurationList section */

/* Begin XCRemoteSwiftPackageReference section */
		F23814272B2878E200EB4DF4 /* XCRemoteSwiftPackageReference "SnapKit" */ = {
			isa = XCRemoteSwiftPackageReference;
			repositoryURL = "https://github.com/SnapKit/SnapKit.git";
			requirement = {
				kind = upToNextMajorVersion;
				minimumVersion = 5.6.0;
			};
		};
/* End XCRemoteSwiftPackageReference section */

/* Begin XCSwiftPackageProductDependency section */
		F23814282B2878E200EB4DF4 /* SnapKit */ = {
			isa = XCSwiftPackageProductDependency;
			package = F23814272B2878E200EB4DF4 /* XCRemoteSwiftPackageReference "SnapKit" */;
			productName = SnapKit;
		};
		F238142A2B2878E200EB4DF4 /* SnapKit-Dynamic */ = {
			isa = XCSwiftPackageProductDependency;
			package = F23814272B2878E200EB4DF4 /* XCRemoteSwiftPackageReference "SnapKit" */;
			productName = "SnapKit-Dynamic";
		};
/* End XCSwiftPackageProductDependency section */
	};
	rootObject = F23813F82B28761700EB4DF4 /* Project object */;
}
